
Microsoft Visual Studio Solution File, Format Version 12.00
# Visual Studio Version 17
VisualStudioVersion = 17.6.33723.286
MinimumVisualStudioVersion = 10.0.40219.1
Project("{FAE04EC0-301F-11D3-BF4B-00C04F79EFBC}") = "PatternAdapter", "PatternAdapter.csproj", "{89F85B78-6237-4D4C-B3AF-CB933244FA83}"
EndProject
Global
	GlobalSection(SolutionConfigurationPlatforms) = preSolution
		Debug|Any CPU = Debug|Any CPU
		Release|Any CPU = Release|Any CPU
	EndGlobalSection
	GlobalSection(ProjectConfigurationPlatforms) = postSolution
		{89F85B78-6237-4D4C-B3AF-CB933244FA83}.Debug|Any CPU.ActiveCfg = Debug|Any CPU
		{89F85B78-6237-4D4C-B3AF-CB933244FA83}.Debug|Any CPU.Build.0 = Debug|Any CPU
		{89F85B78-6237-4D4C-B3AF-CB933244FA83}.Release|Any CPU.ActiveCfg = Release|Any CPU
		{89F85B78-6237-4D4C-B3AF-CB933244FA83}.Release|Any CPU.Build.0 = Release|Any CPU
	EndGlobalSection
	GlobalSection(SolutionProperties) = preSolution
		HideSolutionNode = FALSE
	EndGlobalSection
	GlobalSection(ExtensibilityGlobals) = postSolution
		SolutionGuid = {D9BA2621-EF01-49DC-9F50-1E47B5CFA8B2}
	EndGlobalSection
EndGlobal
